
Microsoft Visual Studio Solution File, Format Version 12.00
# Visual Studio Version 16
VisualStudioVersion = 16.0.32901.82
MinimumVisualStudioVersion = 10.0.40219.1
Project("{9A19103F-16F7-4668-BE54-9A1E7A4F7556}") = "BookReading", "BookReading\BookReading.csproj", "{4BC5034F-6771-483C-9FC6-E5FF07CAAA31}"
EndProject
Project("{FAE04EC0-301F-11D3-BF4B-00C04F79EFBC}") = "BookReadingTest", "BookReadingTest\BookReadingTest.csproj", "{4545A0D8-CE93-4C0E-8C0F-10E6E230FFE1}"
EndProject
Global
	GlobalSection(SolutionConfigurationPlatforms) = preSolution
		Debug|Any CPU = Debug|Any CPU
		Release|Any CPU = Release|Any CPU
	EndGlobalSection
	GlobalSection(ProjectConfigurationPlatforms) = postSolution
		{4BC5034F-6771-483C-9FC6-E5FF07CAAA31}.Debug|Any CPU.ActiveCfg = Debug|Any CPU
		{4BC5034F-6771-483C-9FC6-E5FF07CAAA31}.Debug|Any CPU.Build.0 = Debug|Any CPU
		{4BC5034F-6771-483C-9FC6-E5FF07CAAA31}.Release|Any CPU.ActiveCfg = Release|Any CPU
		{4BC5034F-6771-483C-9FC6-E5FF07CAAA31}.Release|Any CPU.Build.0 = Release|Any CPU
		{4545A0D8-CE93-4C0E-8C0F-10E6E230FFE1}.Debug|Any CPU.ActiveCfg = Debug|Any CPU
		{4545A0D8-CE93-4C0E-8C0F-10E6E230FFE1}.Debug|Any CPU.Build.0 = Debug|Any CPU
		{4545A0D8-CE93-4C0E-8C0F-10E6E230FFE1}.Release|Any CPU.ActiveCfg = Release|Any CPU
		{4545A0D8-CE93-4C0E-8C0F-10E6E230FFE1}.Release|Any CPU.Build.0 = Release|Any CPU
	EndGlobalSection
	GlobalSection(SolutionProperties) = preSolution
		HideSolutionNode = FALSE
	EndGlobalSection
	GlobalSection(ExtensibilityGlobals) = postSolution
		SolutionGuid = {24E995CF-642E-4B3E-981D-BE5B0CCC55EE}
	EndGlobalSection
EndGlobal
