
Microsoft Visual Studio Solution File, Format Version 12.00
# Visual Studio Version 17
VisualStudioVersion = 17.4.33103.184
MinimumVisualStudioVersion = 10.0.40219.1
Project("{9A19103F-16F7-4668-BE54-9A1E7A4F7556}") = "CampBookingAPI", "CampBookingAPI\CampBookingAPI.csproj", "{3353994E-85C0-4564-8F75-03E3D45CE0C8}"
EndProject
Project("{FAE04EC0-301F-11D3-BF4B-00C04F79EFBC}") = "DAL", "DAL\DAL.csproj", "{D513B0B2-1F08-4B99-B607-3D5E2F871E48}"
EndProject
Project("{FAE04EC0-301F-11D3-BF4B-00C04F79EFBC}") = "BAL", "BAL\BAL.csproj", "{F49C069E-BF96-41FD-AC0B-524FD56A55C6}"
EndProject
Global
	GlobalSection(SolutionConfigurationPlatforms) = preSolution
		Debug|Any CPU = Debug|Any CPU
		Release|Any CPU = Release|Any CPU
	EndGlobalSection
	GlobalSection(ProjectConfigurationPlatforms) = postSolution
		{3353994E-85C0-4564-8F75-03E3D45CE0C8}.Debug|Any CPU.ActiveCfg = Debug|Any CPU
		{3353994E-85C0-4564-8F75-03E3D45CE0C8}.Debug|Any CPU.Build.0 = Debug|Any CPU
		{3353994E-85C0-4564-8F75-03E3D45CE0C8}.Release|Any CPU.ActiveCfg = Release|Any CPU
		{3353994E-85C0-4564-8F75-03E3D45CE0C8}.Release|Any CPU.Build.0 = Release|Any CPU
		{D513B0B2-1F08-4B99-B607-3D5E2F871E48}.Debug|Any CPU.ActiveCfg = Debug|Any CPU
		{D513B0B2-1F08-4B99-B607-3D5E2F871E48}.Debug|Any CPU.Build.0 = Debug|Any CPU
		{D513B0B2-1F08-4B99-B607-3D5E2F871E48}.Release|Any CPU.ActiveCfg = Release|Any CPU
		{D513B0B2-1F08-4B99-B607-3D5E2F871E48}.Release|Any CPU.Build.0 = Release|Any CPU
		{F49C069E-BF96-41FD-AC0B-524FD56A55C6}.Debug|Any CPU.ActiveCfg = Debug|Any CPU
		{F49C069E-BF96-41FD-AC0B-524FD56A55C6}.Debug|Any CPU.Build.0 = Debug|Any CPU
		{F49C069E-BF96-41FD-AC0B-524FD56A55C6}.Release|Any CPU.ActiveCfg = Release|Any CPU
		{F49C069E-BF96-41FD-AC0B-524FD56A55C6}.Release|Any CPU.Build.0 = Release|Any CPU
	EndGlobalSection
	GlobalSection(SolutionProperties) = preSolution
		HideSolutionNode = FALSE
	EndGlobalSection
	GlobalSection(ExtensibilityGlobals) = postSolution
		SolutionGuid = {2571CD2D-6006-435F-9B3C-6E115F927B4A}
	EndGlobalSection
EndGlobal
